<?xml version="1.0" encoding="utf-8"?>
<Project ToolsVersion="4.0" xmlns="http://schemas.microsoft.com/developer/msbuild/2003">
  <ItemGroup>
    <Filter Include="Pekan">
      <UniqueIdentifier>{D4DEDF0D-40F3-07BF-0975-AB1E754804F0}</UniqueIdentifier>
    </Filter>
  </ItemGroup>
  <ItemGroup>
    <ClInclude Include="src\Pekan.h" />
    <ClInclude Include="src\Pekan\Application.h">
      <Filter>Pekan</Filter>
    </ClInclude>
    <ClInclude Include="src\Pekan\Core.h">
      <Filter>Pekan</Filter>
    </ClInclude>
    <ClInclude Include="src\Pekan\EntryPoint.h">
      <Filter>Pekan</Filter>
    </ClInclude>
    <ClInclude Include="src\Pekan\Log.h">
      <Filter>Pekan</Filter>
    </ClInclude>
  </ItemGroup>
  <ItemGroup>
    <ClCompile Include="src\Pekan\Application.cpp">
      <Filter>Pekan</Filter>
    </ClCompile>
    <ClCompile Include="src\Pekan\Log.cpp">
      <Filter>Pekan</Filter>
    </ClCompile>
  </ItemGroup>
</Project>